
Microsoft Visual Studio Solution File, Format Version 12.00
# Visual Studio 14
VisualStudioVersion = 14.0.25420.1
MinimumVisualStudioVersion = 10.0.40219.1
Project("{FAE04EC0-301F-11D3-BF4B-00C04F79EFBC}") = "Gov.GTB.FirmaTalepTakip.Model", "Gov.GTB.FirmaTalepTakip.Model\Gov.GTB.FirmaTalepTakip.Model.csproj", "{336A5117-5F22-42AA-9376-27C4E9F1BC65}"
EndProject
Project("{FAE04EC0-301F-11D3-BF4B-00C04F79EFBC}") = "Gov.GTB.FirmaTalepTakip.Repository", "Gov.GTB.FirmaTalepTakip.Repository\Gov.GTB.FirmaTalepTakip.Repository.csproj", "{FB2BBB6E-33D3-41C2-9FB2-ED1B174B3F00}"
EndProject
Project("{FAE04EC0-301F-11D3-BF4B-00C04F79EFBC}") = "Gov.GTB.FirmaTalepTakip.Web", "Gov.GTB.FirmaTalepTakip.Web\Gov.GTB.FirmaTalepTakip.Web.csproj", "{F5AE8051-6F13-478C-ADFA-DC8385D303D4}"
EndProject
Global
	GlobalSection(SolutionConfigurationPlatforms) = preSolution
		Debug|Any CPU = Debug|Any CPU
		Release|Any CPU = Release|Any CPU
	EndGlobalSection
	GlobalSection(ProjectConfigurationPlatforms) = postSolution
		{336A5117-5F22-42AA-9376-27C4E9F1BC65}.Debug|Any CPU.ActiveCfg = Debug|Any CPU
		{336A5117-5F22-42AA-9376-27C4E9F1BC65}.Debug|Any CPU.Build.0 = Debug|Any CPU
		{336A5117-5F22-42AA-9376-27C4E9F1BC65}.Release|Any CPU.ActiveCfg = Release|Any CPU
		{336A5117-5F22-42AA-9376-27C4E9F1BC65}.Release|Any CPU.Build.0 = Release|Any CPU
		{FB2BBB6E-33D3-41C2-9FB2-ED1B174B3F00}.Debug|Any CPU.ActiveCfg = Debug|Any CPU
		{FB2BBB6E-33D3-41C2-9FB2-ED1B174B3F00}.Debug|Any CPU.Build.0 = Debug|Any CPU
		{FB2BBB6E-33D3-41C2-9FB2-ED1B174B3F00}.Release|Any CPU.ActiveCfg = Release|Any CPU
		{FB2BBB6E-33D3-41C2-9FB2-ED1B174B3F00}.Release|Any CPU.Build.0 = Release|Any CPU
		{F5AE8051-6F13-478C-ADFA-DC8385D303D4}.Debug|Any CPU.ActiveCfg = Debug|Any CPU
		{F5AE8051-6F13-478C-ADFA-DC8385D303D4}.Debug|Any CPU.Build.0 = Debug|Any CPU
		{F5AE8051-6F13-478C-ADFA-DC8385D303D4}.Release|Any CPU.ActiveCfg = Release|Any CPU
		{F5AE8051-6F13-478C-ADFA-DC8385D303D4}.Release|Any CPU.Build.0 = Release|Any CPU
	EndGlobalSection
	GlobalSection(SolutionProperties) = preSolution
		HideSolutionNode = FALSE
	EndGlobalSection
	GlobalSection(TeamFoundationVersionControl) = preSolution
		SccNumberOfProjects = 4
		SccEnterpriseProvider = {4CA58AB2-18FA-4F8D-95D4-32DDF27D184C}
		SccTeamFoundationServer = https://tfs.gtb.gov.tr/gtbcollection
		SccLocalPath0 = .
		SccProjectUniqueName1 = Gov.GTB.FirmaTalepTakip.Model\\Gov.GTB.FirmaTalepTakip.Model.csproj
		SccProjectName1 = Gov.GTB.FirmaTalepTakip.Model
		SccLocalPath1 = Gov.GTB.FirmaTalepTakip.Model
		SccProjectUniqueName2 = Gov.GTB.FirmaTalepTakip.Repository\\Gov.GTB.FirmaTalepTakip.Repository.csproj
		SccProjectName2 = Gov.GTB.FirmaTalepTakip.Repository
		SccLocalPath2 = Gov.GTB.FirmaTalepTakip.Repository
		SccProjectUniqueName3 = Gov.GTB.FirmaTalepTakip.Web\\Gov.GTB.FirmaTalepTakip.Web.csproj
		SccProjectName3 = Gov.GTB.FirmaTalepTakip.Web
		SccLocalPath3 = Gov.GTB.FirmaTalepTakip.Web
	EndGlobalSection
EndGlobal
